
Microsoft Visual Studio Solution File, Format Version 12.00
# Visual Studio Version 17
VisualStudioVersion = 17.0.32014.148
MinimumVisualStudioVersion = 10.0.40219.1
Project("{FAE04EC0-301F-11D3-BF4B-00C04F79EFBC}") = "AudioRouter", "AudioRouter\AudioRouter.csproj", "{35BE0AF9-CE65-4801-9EDA-B97496392FE6}"
EndProject
Global
	GlobalSection(SolutionConfigurationPlatforms) = preSolution
		Debug|Any CPU = Debug|Any CPU
		Release|Any CPU = Release|Any CPU
	EndGlobalSection
	GlobalSection(ProjectConfigurationPlatforms) = postSolution
		{35BE0AF9-CE65-4801-9EDA-B97496392FE6}.Debug|Any CPU.ActiveCfg = Debug|Any CPU
		{35BE0AF9-CE65-4801-9EDA-B97496392FE6}.Debug|Any CPU.Build.0 = Debug|Any CPU
		{35BE0AF9-CE65-4801-9EDA-B97496392FE6}.Release|Any CPU.ActiveCfg = Release|Any CPU
		{35BE0AF9-CE65-4801-9EDA-B97496392FE6}.Release|Any CPU.Build.0 = Release|Any CPU
	EndGlobalSection
	GlobalSection(SolutionProperties) = preSolution
		HideSolutionNode = FALSE
	EndGlobalSection
	GlobalSection(ExtensibilityGlobals) = postSolution
		SolutionGuid = {41162D1B-0508-47B4-AF85-43027970A3C0}
	EndGlobalSection
EndGlobal
